{
  "name": "@sympoies/dsh-runtime-kit",
  "version": "0.0.0",
  "lockfileVersion": 3,
  "requires": true,
  "packages": {
    "": {
      "name": "@sympoies/dsh-runtime-kit",
      "version": "0.0.0",
      "bundleDependencies": [
        "@standard-schema/spec",
        "chokidar",
        "js-yaml",
        "yaml",
        "zod"
      ],
      "license": "MIT",
      "dependencies": {
        "@standard-schema/spec": "1.1.0",
        "chokidar": "5.0.0",
        "js-yaml": "4.1.0",
        "yaml": "2.9.0",
        "zod": "4.4.3"
      },
      "bin": {
        "dsh-runtime-kit": "bin/dsh-runtime-kit.js",
        "dsh-runtime-kit-check-parity": "scripts/check-rule-parity-source.mjs",
        "dsh-runtime-kit-launch": "bin/dsh-runtime-kit-launch.js",
        "dsh-runtime-kit-manage-dsh-patch": "scripts/manage-dsh-patch.mjs",
        "dsh-runtime-kit-manage-dsh-tui-patch": "scripts/manage-dsh-tui-patch.mjs"
      },
      "devDependencies": {
        "@types/node": "^24.13.3",
        "typescript": "^6.0.3"
      },
      "engines": {
        "node": ">=24.0.0"
      },
      "peerDependencies": {
        "@deepseek-ai/cordis": "4.0.1 || 4.0.2",
        "@deepseek-ai/dsh-agent": "0.1.0-rc.8 || 0.1.1-rc.2 || 0.1.2-alpha.4",
        "@deepseek-ai/dsh-bash-local": "0.1.0-rc.8 || 0.1.1-rc.2 || 0.1.2-alpha.4",
        "@deepseek-ai/dsh-fs": "0.1.0-rc.8 || 0.1.1-rc.2 || 0.1.2-alpha.4",
        "@deepseek-ai/dsh-llm": "0.1.0-rc.8 || 0.1.1-rc.2 || 0.1.2-alpha.4",
        "@deepseek-ai/dsh-sandbox": "0.1.0-rc.8 || 0.1.1-rc.2 || 0.1.2-alpha.4",
        "@deepseek-ai/dsh-skill-filesystem": "0.1.0-rc.8 || 0.1.1-rc.2 || 0.1.2-alpha.4",
        "@deepseek-ai/dsh-subagent": "0.1.0-rc.8 || 0.1.1-rc.2 || 0.1.2-alpha.4",
        "@deepseek-ai/dsh-subprocess": "0.1.0-rc.8 || 0.1.1-rc.2 || 0.1.2-alpha.4",
        "@deepseek-ai/dsh-tools": "0.1.0-rc.8 || 0.1.1-rc.2 || 0.1.2-alpha.4"
      }
    },
    "node_modules/@deepseek-ai/cordis": {
      "version": "4.0.2",
      "resolved": "https://registry.npmjs.org/@deepseek-ai/cordis/-/cordis-4.0.2.tgz",
      "integrity": "sha512-asOnXP1TzFSFQlHb1iegDZp0z/8WD1c7YNrwJR/Tx2bzNuMXfcekE/I67Iv6SQXeLB4csxqCngzQKANP7gdw0g==",
      "license": "MIT",
      "peer": true,
      "dependencies": {
        "@deepseek-ai/cosmokit": "^1.8.3",
        "@standard-schema/spec": "^1.1.0"
      },
      "bin": {
        "cordis": "bin.js"
      },
      "peerDependencies": {
        "@deepseek-ai/cordis-plugin-include": "^1.0.7",
        "@deepseek-ai/cordis-plugin-loader": "^1.0.3"
      },
      "peerDependenciesMeta": {
        "@deepseek-ai/cordis-plugin-include": {
          "optional": true
        },
        "@deepseek-ai/cordis-plugin-loader": {
          "optional": true
        }
      }
    },
    "node_modules/@deepseek-ai/cosmokit": {
      "version": "1.8.3",
      "resolved": "https://registry.npmjs.org/@deepseek-ai/cosmokit/-/cosmokit-1.8.3.tgz",
      "integrity": "sha512-qBo+ronVM6Eu2WNVJXi8JcMiqZ19T9BRIpV+5qJUFPXjGH/Z0QKcQMC/IZJ7L394YTOtJgcovbk9qP0w2GsBXQ==",
      "license": "MIT",
      "peer": true
    },
    "node_modules/@deepseek-ai/dsh-agent": {
      "version": "0.1.2-alpha.4",
      "resolved": "https://registry.npmjs.org/@deepseek-ai/dsh-agent/-/dsh-agent-0.1.2-alpha.4.tgz",
      "integrity": "sha512-2wpsA57gNFqRFVyk2L4jTXIgRGTXYTYPWOlHfPVAMMG+uYroFynn/0xHq5WGfW0HpS/BgEK9Otewv7Qj0w3PcA==",
      "license": "MIT",
      "peer": true,
      "peerDependencies": {
        "@deepseek-ai/cordis": "^4.0.2",
        "@deepseek-ai/dsh-invariants": "^0.1.2-alpha.4",
        "@deepseek-ai/dsh-llm": "^0.1.2-alpha.4",
        "@deepseek-ai/dsh-scope": "^0.1.2-alpha.4",
        "@deepseek-ai/dsh-session": "^0.1.2-alpha.4",
        "@deepseek-ai/dsh-session-projection": "^0.1.2-alpha.4",
        "@deepseek-ai/dsh-system-prompt": "^0.1.2-alpha.4",
        "@deepseek-ai/dsh-typert-protocol": "^0.1.2-alpha.4"
      }
    },
    "node_modules/@deepseek-ai/dsh-attachment": {
      "version": "0.1.2-alpha.4",
      "resolved": "https://registry.npmjs.org/@deepseek-ai/dsh-attachment/-/dsh-attachment-0.1.2-alpha.4.tgz",
      "integrity": "sha512-Jl9Uo/U9mE7LHCyyRcteaMNz+kHpuHCDg094byhAmuudm04QQ/1tGOHH011wzyKi94XEt5crjus0dZp3dbc6Kg==",
      "license": "MIT",
      "peer": true,
      "peerDependencies": {
        "@deepseek-ai/cordis": "^4.0.2",
        "@deepseek-ai/dsh-brand": "^0.1.2-alpha.4"
      }
    },
    "node_modules/@deepseek-ai/dsh-bash-local": {
      "version": "0.1.2-alpha.4",
      "resolved": "https://registry.npmjs.org/@deepseek-ai/dsh-bash-local/-/dsh-bash-local-0.1.2-alpha.4.tgz",
      "integrity": "sha512-dqIblbD+vP4o6dpnK27FYjW4wiHawh82CL1A5fedo77O2harWk7rDEJb3jn9fQcYsi2BrwwUnOqXa0/zYRI4kg==",
      "license": "MIT",
      "peer": true,
      "dependencies": {
        "@deepseek-ai/schemastery": "^3.18.2"
      },
      "peerDependencies": {
        "@deepseek-ai/cordis": "^4.0.2",
        "@deepseek-ai/dsh-settings": "^0.1.2-alpha.4",
        "@deepseek-ai/dsh-shell": "^0.1.2-alpha.4",
        "@deepseek-ai/dsh-subprocess": "^0.1.2-alpha.4",
        "@deepseek-ai/dsh-timeout": "^0.1.2-alpha.4"
      }
    },
    "node_modules/@deepseek-ai/dsh-brand": {
      "version": "0.1.2-alpha.4",
      "resolved": "https://registry.npmjs.org/@deepseek-ai/dsh-brand/-/dsh-brand-0.1.2-alpha.4.tgz",
      "integrity": "sha512-ebOnMr64GIXin+eyk9jbFkxF3esP8QuvnIrpem3vMNaN0oKyeGy8opzuLyVWtUMtFLmO3ehCI88u0cQSsLsEhQ==",
      "license": "MIT",
      "peer": true,
      "peerDependencies": {
        "@deepseek-ai/cordis": "^4.0.2"
      }
    },
    "node_modules/@deepseek-ai/dsh-code-runtime": {
      "version": "0.1.2-alpha.4",
      "resolved": "https://registry.npmjs.org/@deepseek-ai/dsh-code-runtime/-/dsh-code-runtime-0.1.2-alpha.4.tgz",
      "integrity": "sha512-8B+/ZQ5VAhuy4epENFeO9QBrHyhxbQEKU0d3V2WlQ8oTMaD4ETY7/UGWvJAyXZnRNNtaM1M8OgD01ZZ398gFmA==",
      "license": "MIT",
      "peer": true,
      "peerDependencies": {
        "@deepseek-ai/cordis": "^4.0.2"
      }
    },
    "node_modules/@deepseek-ai/dsh-fs": {
      "version": "0.1.2-alpha.4",
      "resolved": "https://registry.npmjs.org/@deepseek-ai/dsh-fs/-/dsh-fs-0.1.2-alpha.4.tgz",
      "integrity": "sha512-xcTEiMwOC7YW7uGwqmgPsmDtg2v1qNPj8k2VFmlwilrbBe4ACmPy0TVf1MehVpxazmMou/KiSulKCT8QnZA+eg==",
      "license": "MIT",
      "peer": true,
      "peerDependencies": {
        "@deepseek-ai/cordis": "^4.0.2",
        "@deepseek-ai/dsh-brand": "^0.1.2-alpha.4",
        "@deepseek-ai/dsh-invariants": "^0.1.2-alpha.4",
        "@deepseek-ai/dsh-llm": "^0.1.2-alpha.4",
        "@deepseek-ai/dsh-sandbox": "^0.1.2-alpha.4"
      }
    },
    "node_modules/@deepseek-ai/dsh-home-paths": {
      "version": "0.1.2-alpha.4",
      "resolved": "https://registry.npmjs.org/@deepseek-ai/dsh-home-paths/-/dsh-home-paths-0.1.2-alpha.4.tgz",
      "integrity": "sha512-53VRRI5ToBNhEaRqsVLUNk3b4xQ95NgndPpz2PlDki61D0B0c8kX+wCmvskq3qdwhi+OB0gXaYLQ5FVulcNFYA==",
      "license": "MIT",
      "peer": true,
      "peerDependencies": {
        "@deepseek-ai/cordis": "^4.0.2"
      }
    },
    "node_modules/@deepseek-ai/dsh-invariants": {
      "version": "0.1.2-alpha.4",
      "resolved": "https://registry.npmjs.org/@deepseek-ai/dsh-invariants/-/dsh-invariants-0.1.2-alpha.4.tgz",
      "integrity": "sha512-ZbnGBEN3zmsn2jTAnsOzK9Su3lLdkTyyE+HstP7amiuzq31WSDIICtWHaXj475V6NbYTUgyGCwG1GU0mD3zlLg==",
      "license": "MIT",
      "peer": true,
      "dependencies": {
        "@deepseek-ai/schemastery": "^3.18.2"
      },
      "peerDependencies": {
        "@deepseek-ai/cordis": "^4.0.2"
      }
    },
    "node_modules/@deepseek-ai/dsh-llm": {
      "version": "0.1.2-alpha.4",
      "resolved": "https://registry.npmjs.org/@deepseek-ai/dsh-llm/-/dsh-llm-0.1.2-alpha.4.tgz",
      "integrity": "sha512-8tghHvYdUswCh3EkI5tVaHvsxnbQiK/tICB1RLr7Zx7wMkODECjKg/pN8n77idO1xg6YQTy4jmggkW7cbjjEcg==",
      "license": "MIT",
      "peer": true,
      "dependencies": {
        "@deepseek-ai/dsh-brand": "^0.1.2-alpha.4",
        "@deepseek-ai/dsh-timeout": "^0.1.2-alpha.4",
        "@deepseek-ai/dsh-typert-protocol": "^0.1.2-alpha.4",
        "@deepseek-ai/dsh-util-crypto": "^0.1.2-alpha.4",
        "@deepseek-ai/dsh-util-values": "^0.1.2-alpha.4",
        "@deepseek-ai/schemastery": "^3.18.2",
        "zod": "^4.4.3"
      },
      "peerDependencies": {
        "@deepseek-ai/cordis": "^4.0.2"
      }
    },
    "node_modules/@deepseek-ai/dsh-sandbox": {
      "version": "0.1.2-alpha.4",
      "resolved": "https://registry.npmjs.org/@deepseek-ai/dsh-sandbox/-/dsh-sandbox-0.1.2-alpha.4.tgz",
      "integrity": "sha512-FB2BBHlJi/+yTx/fL0ERvNjSLtnXJkLd0gm208AA9YQQlsG6D4+FWe2j0IOWZh5sIGcwSI4F8J4vF+dJd/qoHg==",
      "license": "MIT",
      "peer": true,
      "dependencies": {
        "@deepseek-ai/dsh-util-values": "^0.1.2-alpha.4"
      },
      "peerDependencies": {
        "@deepseek-ai/cordis": "^4.0.2",
        "@deepseek-ai/dsh-llm": "^0.1.2-alpha.4",
        "@deepseek-ai/dsh-session": "^0.1.2-alpha.4"
      }
    },
    "node_modules/@deepseek-ai/dsh-scope": {
      "version": "0.1.2-alpha.4",
      "resolved": "https://registry.npmjs.org/@deepseek-ai/dsh-scope/-/dsh-scope-0.1.2-alpha.4.tgz",
      "integrity": "sha512-rrnlf/lU43C6tgWEUBD3hAUIT8Sgw+CQUAb5RsHzIAcLXLkMpuUxZewRGzkWzjUxLJILZCSRMzxlcPtLdEks+w==",
      "license": "MIT",
      "peer": true,
      "peerDependencies": {
        "@deepseek-ai/cordis": "^4.0.2",
        "@deepseek-ai/dsh-invariants": "^0.1.2-alpha.4"
      }
    },
    "node_modules/@deepseek-ai/dsh-session": {
      "version": "0.1.2-alpha.4",
      "resolved": "https://registry.npmjs.org/@deepseek-ai/dsh-session/-/dsh-session-0.1.2-alpha.4.tgz",
      "integrity": "sha512-QuW/7RJILAHPP4HY8ESggRPaa1DoJb11ElNGSm9XpFvnGZk81jxcmR3ab/vniloWyx7PdMMtkJf2Z/mui6sN3g==",
      "license": "MIT",
      "peer": true,
      "dependencies": {
        "@deepseek-ai/dsh-brand": "^0.1.2-alpha.4",
        "@deepseek-ai/dsh-llm": "^0.1.2-alpha.4",
        "@deepseek-ai/dsh-util-values": "^0.1.2-alpha.4"
      },
      "peerDependencies": {
        "@deepseek-ai/cordis": "^4.0.2",
        "@deepseek-ai/dsh-scope": "^0.1.2-alpha.4"
      }
    },
    "node_modules/@deepseek-ai/dsh-session-projection": {
      "version": "0.1.2-alpha.4",
      "resolved": "https://registry.npmjs.org/@deepseek-ai/dsh-session-projection/-/dsh-session-projection-0.1.2-alpha.4.tgz",
      "integrity": "sha512-cjS896eQEyPxVY5Q/79Y/1T05dNDVg9Z/9eO+5iVbszcSBVqJUVtHXzyLpAlg76Go+dTEq5TbzmP6qOlLVE6+w==",
      "license": "MIT",
      "peer": true,
      "dependencies": {
        "zod": "^4.4.3"
      },
      "peerDependencies": {
        "@deepseek-ai/cordis": "^4.0.2",
        "@deepseek-ai/dsh-session": "^0.1.2-alpha.4"
      }
    },
    "node_modules/@deepseek-ai/dsh-settings": {
      "version": "0.1.2-alpha.4",
      "resolved": "https://registry.npmjs.org/@deepseek-ai/dsh-settings/-/dsh-settings-0.1.2-alpha.4.tgz",
      "integrity": "sha512-xGQg3sqFJmlg2Vl0u6C6EPX+Bf9EjQkyGLY4zSwEPwgoZqyjjHLBOvtkD0PibKSjLvi3wc6q5RTztJqZX5HPVw==",
      "license": "MIT",
      "peer": true,
      "dependencies": {
        "@deepseek-ai/dsh-util-values": "^0.1.2-alpha.4"
      },
      "peerDependencies": {
        "@deepseek-ai/cordis": "^4.0.2",
        "@deepseek-ai/dsh-brand": "^0.1.2-alpha.4",
        "@deepseek-ai/dsh-invariants": "^0.1.2-alpha.4",
        "@deepseek-ai/dsh-session": "^0.1.2-alpha.4",
        "@deepseek-ai/schemastery": "^3.18.2"
      }
    },
    "node_modules/@deepseek-ai/dsh-shell": {
      "version": "0.1.2-alpha.4",
      "resolved": "https://registry.npmjs.org/@deepseek-ai/dsh-shell/-/dsh-shell-0.1.2-alpha.4.tgz",
      "integrity": "sha512-uVVPDl6d277xIDXNVWimAscYEx6LiI1ozc7mmvQT0d6HZNdIIP1wrjnTQw4PnxpA+KQuAKNkO0MJWgwALs4Alw==",
      "license": "MIT",
      "peer": true,
      "peerDependencies": {
        "@deepseek-ai/cordis": "^4.0.2",
        "@deepseek-ai/dsh-sandbox": "^0.1.2-alpha.4",
        "@deepseek-ai/dsh-settings": "^0.1.2-alpha.4",
        "@deepseek-ai/dsh-subprocess": "^0.1.2-alpha.4"
      }
    },
    "node_modules/@deepseek-ai/dsh-skill": {
      "version": "0.1.2-alpha.4",
      "resolved": "https://registry.npmjs.org/@deepseek-ai/dsh-skill/-/dsh-skill-0.1.2-alpha.4.tgz",
      "integrity": "sha512-0s3ze+k8uVuz3UbKqtDLzotej7y71leNMkA+gqfxuIhoyOcc2iUMJ1b2zrHMc3Wa8S1BDWNuEHiQnZHbv4fT0A==",
      "license": "MIT",
      "peer": true,
      "dependencies": {
        "@deepseek-ai/dsh-util-values": "^0.1.2-alpha.4",
        "@deepseek-ai/schemastery": "^3.18.2"
      },
      "peerDependencies": {
        "@deepseek-ai/cordis": "^4.0.2",
        "@deepseek-ai/dsh-llm": "^0.1.2-alpha.4",
        "@deepseek-ai/dsh-scope": "^0.1.2-alpha.4"
      }
    },
    "node_modules/@deepseek-ai/dsh-skill-filesystem": {
      "version": "0.1.2-alpha.4",
      "resolved": "https://registry.npmjs.org/@deepseek-ai/dsh-skill-filesystem/-/dsh-skill-filesystem-0.1.2-alpha.4.tgz",
      "integrity": "sha512-ATXJUxiGDNfPW6QelOawdyemp5skG7ZYNhPer4CGGTFE4Effp8mJkyDFQPmu57DF5EAAZzs62cOiwgdigW/f/Q==",
      "license": "MIT",
      "peer": true,
      "dependencies": {
        "@deepseek-ai/schemastery": "^3.18.2",
        "chokidar": "^5.0.0",
        "yaml": "^2.4.2"
      },
      "peerDependencies": {
        "@deepseek-ai/cordis": "^4.0.2",
        "@deepseek-ai/dsh-fs": "^0.1.2-alpha.4",
        "@deepseek-ai/dsh-home-paths": "^0.1.2-alpha.4",
        "@deepseek-ai/dsh-skill": "^0.1.2-alpha.4"
      }
    },
    "node_modules/@deepseek-ai/dsh-subagent": {
      "version": "0.1.2-alpha.4",
      "resolved": "https://registry.npmjs.org/@deepseek-ai/dsh-subagent/-/dsh-subagent-0.1.2-alpha.4.tgz",
      "integrity": "sha512-hvkI9KH5wp/QYK9ruuwlognKpKIMXZl3AVqDHY25jCMv9IuW4YxwaQmWGQ0xrq8wkOwG7gEf4ac4fNZD1ARhOg==",
      "license": "MIT",
      "peer": true,
      "dependencies": {
        "@deepseek-ai/dsh-brand": "^0.1.2-alpha.4",
        "@deepseek-ai/dsh-util-values": "^0.1.2-alpha.4",
        "zod": "^4.4.3"
      },
      "peerDependencies": {
        "@deepseek-ai/cordis": "^4.0.2",
        "@deepseek-ai/dsh-agent": "^0.1.2-alpha.4",
        "@deepseek-ai/dsh-agent-presets": "^0.1.2-alpha.4",
        "@deepseek-ai/dsh-attachment": "^0.1.2-alpha.4",
        "@deepseek-ai/dsh-invariants": "^0.1.2-alpha.4",
        "@deepseek-ai/dsh-jobs": "^0.1.2-alpha.4",
        "@deepseek-ai/dsh-llm": "^0.1.2-alpha.4",
        "@deepseek-ai/dsh-sandbox": "^0.1.2-alpha.4",
        "@deepseek-ai/dsh-sandbox-policy": "^0.1.2-alpha.4",
        "@deepseek-ai/dsh-scope": "^0.1.2-alpha.4",
        "@deepseek-ai/dsh-session": "^0.1.2-alpha.4",
        "@deepseek-ai/dsh-session-persistence": "^0.1.2-alpha.4",
        "@deepseek-ai/dsh-session-projection": "^0.1.2-alpha.4",
        "@deepseek-ai/dsh-session-projection-cache": "^0.1.2-alpha.4",
        "@deepseek-ai/dsh-session-query": "^0.1.2-alpha.4",
        "@deepseek-ai/dsh-system-prompt": "^0.1.2-alpha.4",
        "@deepseek-ai/dsh-tools": "^0.1.2-alpha.4",
        "@deepseek-ai/dsh-typert-protocol": "^0.1.2-alpha.4",
        "@deepseek-ai/dsh-user-approval": "^0.1.2-alpha.4",
        "@deepseek-ai/dsh-util-time": "^0.1.2-alpha.4"
      },
      "peerDependenciesMeta": {
        "@deepseek-ai/dsh-agent-presets": {
          "optional": true
        },
        "@deepseek-ai/dsh-jobs": {
          "optional": true
        },
        "@deepseek-ai/dsh-sandbox": {
          "optional": true
        },
        "@deepseek-ai/dsh-sandbox-policy": {
          "optional": true
        },
        "@deepseek-ai/dsh-session-persistence": {
          "optional": true
        },
        "@deepseek-ai/dsh-session-projection": {
          "optional": true
        },
        "@deepseek-ai/dsh-session-projection-cache": {
          "optional": true
        },
        "@deepseek-ai/dsh-session-query": {
          "optional": true
        },
        "@deepseek-ai/dsh-user-approval": {
          "optional": true
        }
      }
    },
    "node_modules/@deepseek-ai/dsh-subprocess": {
      "version": "0.1.2-alpha.4",
      "resolved": "https://registry.npmjs.org/@deepseek-ai/dsh-subprocess/-/dsh-subprocess-0.1.2-alpha.4.tgz",
      "integrity": "sha512-GCcnoRV0ul9zg0JEThttrhJK+KhK+OWrSP+YrUSj6WQiugqdPOza+yvyzP6+5mrz1XZsZ/dqQ6lPvmiWUyNPsw==",
      "license": "MIT",
      "peer": true,
      "peerDependencies": {
        "@deepseek-ai/cordis": "^4.0.2"
      }
    },
    "node_modules/@deepseek-ai/dsh-system-prompt": {
      "version": "0.1.2-alpha.4",
      "resolved": "https://registry.npmjs.org/@deepseek-ai/dsh-system-prompt/-/dsh-system-prompt-0.1.2-alpha.4.tgz",
      "integrity": "sha512-/jqTJFxRO+Ms6Ud4TvZY3RrLfAPGTMi38jPYmp+It1YRo21KxVT4vxGRalYbyXg/4ORC80CI8QzxelJKqekeVg==",
      "license": "MIT",
      "peer": true,
      "dependencies": {
        "@deepseek-ai/schemastery": "^3.18.2"
      },
      "peerDependencies": {
        "@deepseek-ai/cordis": "^4.0.2",
        "@deepseek-ai/dsh-invariants": "^0.1.2-alpha.4",
        "@deepseek-ai/dsh-llm": "^0.1.2-alpha.4",
        "@deepseek-ai/dsh-scope": "^0.1.2-alpha.4"
      }
    },
    "node_modules/@deepseek-ai/dsh-timeout": {
      "version": "0.1.2-alpha.4",
      "resolved": "https://registry.npmjs.org/@deepseek-ai/dsh-timeout/-/dsh-timeout-0.1.2-alpha.4.tgz",
      "integrity": "sha512-axL9FrDFCP2APEioIMg8mBG/2erU1eXZpD8wBPobtEpnKiVcEvHvyGTT5BhHCQG8KO1YdnT8txPZZ4+RVxAm6A==",
      "license": "MIT",
      "peer": true,
      "peerDependencies": {
        "@deepseek-ai/cordis": "^4.0.2"
      }
    },
    "node_modules/@deepseek-ai/dsh-tools": {
      "version": "0.1.2-alpha.4",
      "resolved": "https://registry.npmjs.org/@deepseek-ai/dsh-tools/-/dsh-tools-0.1.2-alpha.4.tgz",
      "integrity": "sha512-h5BuVzCETKY3U6nEx4B9lc2jz7+5aAn2ewQDksrJlN2Q1Bz5BwKZx85Q/JdICR5i8el89JNo4sUPDOg0HjBYHA==",
      "license": "MIT",
      "peer": true,
      "dependencies": {
        "@deepseek-ai/dsh-brand": "^0.1.2-alpha.4",
        "@deepseek-ai/dsh-util-values": "^0.1.2-alpha.4",
        "@deepseek-ai/schemastery": "^3.18.2"
      },
      "peerDependencies": {
        "@deepseek-ai/cordis": "^4.0.2",
        "@deepseek-ai/dsh-agent": "^0.1.2-alpha.4",
        "@deepseek-ai/dsh-code-runtime": "^0.1.2-alpha.4",
        "@deepseek-ai/dsh-invariants": "^0.1.2-alpha.4",
        "@deepseek-ai/dsh-llm": "^0.1.2-alpha.4",
        "@deepseek-ai/dsh-scope": "^0.1.2-alpha.4",
        "@deepseek-ai/dsh-session": "^0.1.2-alpha.4",
        "@deepseek-ai/dsh-system-prompt": "^0.1.2-alpha.4",
        "@deepseek-ai/dsh-user-approval": "^0.1.2-alpha.4"
      }
    },
    "node_modules/@deepseek-ai/dsh-typert-protocol": {
      "version": "0.1.2-alpha.4",
      "resolved": "https://registry.npmjs.org/@deepseek-ai/dsh-typert-protocol/-/dsh-typert-protocol-0.1.2-alpha.4.tgz",
      "integrity": "sha512-NCkPCpZUDiYOLPQzdvxMgBQ9HTCl56leL+dbkuvsFU3IgKFdA7b0iW+P40/LuqPeg4RBOs1rL6GJTft/Mye3Tg==",
      "license": "MIT",
      "peer": true,
      "peerDependencies": {
        "@deepseek-ai/cordis": "^4.0.2"
      }
    },
    "node_modules/@deepseek-ai/dsh-user-approval": {
      "version": "0.1.2-alpha.4",
      "resolved": "https://registry.npmjs.org/@deepseek-ai/dsh-user-approval/-/dsh-user-approval-0.1.2-alpha.4.tgz",
      "integrity": "sha512-Hd8pPBuZ4dX1I2BXkUwDkR1B+Re2lg3g/SuwzXkrFlU1EBSAJ5K8Q1W5quz95uY3JYJmErL0WjJfZ3ynuZSTQQ==",
      "license": "MIT",
      "peer": true,
      "dependencies": {
        "@deepseek-ai/schemastery": "^3.18.2"
      },
      "peerDependencies": {
        "@deepseek-ai/cordis": "^4.0.2",
        "@deepseek-ai/dsh-agent": "^0.1.2-alpha.4",
        "@deepseek-ai/dsh-brand": "^0.1.2-alpha.4",
        "@deepseek-ai/dsh-invariants": "^0.1.2-alpha.4",
        "@deepseek-ai/dsh-llm": "^0.1.2-alpha.4",
        "@deepseek-ai/dsh-scope": "^0.1.2-alpha.4",
        "@deepseek-ai/dsh-session": "^0.1.2-alpha.4",
        "@deepseek-ai/dsh-system-prompt": "^0.1.2-alpha.4"
      }
    },
    "node_modules/@deepseek-ai/dsh-util-crypto": {
      "version": "0.1.2-alpha.4",
      "resolved": "https://registry.npmjs.org/@deepseek-ai/dsh-util-crypto/-/dsh-util-crypto-0.1.2-alpha.4.tgz",
      "integrity": "sha512-GqISEjIJ/TGuM2K/Aw/fPAX6OslszupZaFEHGB5GQB2+JGV5+gq9sombjQbqr/BKemjXbAZp3i8P7ImPq989Pg==",
      "license": "MIT",
      "peer": true,
      "peerDependencies": {
        "@deepseek-ai/cordis": "^4.0.2"
      }
    },
    "node_modules/@deepseek-ai/dsh-util-time": {
      "version": "0.1.2-alpha.4",
      "resolved": "https://registry.npmjs.org/@deepseek-ai/dsh-util-time/-/dsh-util-time-0.1.2-alpha.4.tgz",
      "integrity": "sha512-vVtwSuoMzrum0yqW2vFUableXS8fQe3LTWfL79JQdt1B0L0TC+lLtiBket8Tf/1LMLdmbOoqMMEaWR7tYTDR7Q==",
      "license": "MIT",
      "peer": true,
      "peerDependencies": {
        "@deepseek-ai/cordis": "^4.0.2"
      }
    },
    "node_modules/@deepseek-ai/dsh-util-values": {
      "version": "0.1.2-alpha.4",
      "resolved": "https://registry.npmjs.org/@deepseek-ai/dsh-util-values/-/dsh-util-values-0.1.2-alpha.4.tgz",
      "integrity": "sha512-4V0Q4Qv5RH+vfrj0q2U1ZqAfkidJbONjwRJzKLKFy3SjbRPVde2LdIdWv3ygUFNuT/kuvkvVnzX8Tc2ozGLITA==",
      "license": "MIT",
      "peer": true,
      "peerDependencies": {
        "@deepseek-ai/cordis": "^4.0.2"
      }
    },
    "node_modules/@deepseek-ai/schemastery": {
      "version": "3.18.2",
      "resolved": "https://registry.npmjs.org/@deepseek-ai/schemastery/-/schemastery-3.18.2.tgz",
      "integrity": "sha512-njDtZsznjYxok7KLLlHOPyuv2efdWVbSflAHgztSfbMsg+CVraEoRe2DjOCgClYv3ZCSm7WXoaUkbB/+RY7tWQ==",
      "license": "MIT",
      "peer": true,
      "dependencies": {
        "@deepseek-ai/cosmokit": "^1.8.3",
        "@standard-schema/spec": "^1.1.0"
      }
    },
    "node_modules/@standard-schema/spec": {
      "version": "1.1.0",
      "resolved": "https://registry.npmjs.org/@standard-schema/spec/-/spec-1.1.0.tgz",
      "integrity": "sha512-l2aFy5jALhniG5HgqrD6jXLi/rUWrKvqN/qJx6yoJsgKhblVd+iqqU4RCXavm/jPityDo5TCvKMnpjKnOriy0w==",
      "inBundle": true,
      "license": "MIT"
    },
    "node_modules/@types/node": {
      "version": "24.13.3",
      "resolved": "https://registry.npmjs.org/@types/node/-/node-24.13.3.tgz",
      "integrity": "sha512-Dh8vAsV36ig5wa9OX4pXvMc9D3Veibfw2wix0CUwYODLD8nkj9UsLjASr49nPg+2eKzxhBV+v7L8pXvT4e639Q==",
      "dev": true,
      "license": "MIT",
      "dependencies": {
        "undici-types": "~7.18.0"
      }
    },
    "node_modules/argparse": {
      "version": "2.0.1",
      "resolved": "https://registry.npmjs.org/argparse/-/argparse-2.0.1.tgz",
      "integrity": "sha512-8+9WqebbFzpX9OR+Wa6O29asIogeRMzcGtAINdpMHHyAg10f05aSFVBbcEqGf/PXw1EjAZ+q2/bEBg3DvurK3Q==",
      "inBundle": true,
      "license": "Python-2.0"
    },
    "node_modules/chokidar": {
      "version": "5.0.0",
      "resolved": "https://registry.npmjs.org/chokidar/-/chokidar-5.0.0.tgz",
      "integrity": "sha512-TQMmc3w+5AxjpL8iIiwebF73dRDF4fBIieAqGn9RGCWaEVwQ6Fb2cGe31Yns0RRIzii5goJ1Y7xbMwo1TxMplw==",
      "inBundle": true,
      "license": "MIT",
      "dependencies": {
        "readdirp": "^5.0.0"
      },
      "engines": {
        "node": ">= 20.19.0"
      },
      "funding": {
        "url": "https://paulmillr.com/funding/"
      }
    },
    "node_modules/js-yaml": {
      "version": "4.1.0",
      "resolved": "https://registry.npmjs.org/js-yaml/-/js-yaml-4.1.0.tgz",
      "integrity": "sha512-wpxZs9NoxZaJESJGIZTyDEaYpl0FKSA+FB9aJiyemKhMwkxQg63h4T1KJgUGHpTqPDNRcmmYLugrRjJlBtWvRA==",
      "inBundle": true,
      "license": "MIT",
      "dependencies": {
        "argparse": "^2.0.1"
      },
      "bin": {
        "js-yaml": "bin/js-yaml.js"
      }
    },
    "node_modules/readdirp": {
      "version": "5.1.1",
      "resolved": "https://registry.npmjs.org/readdirp/-/readdirp-5.1.1.tgz",
      "integrity": "sha512-Kko+Y5XQ6fM+Ce3dq3m9YGxnacYZYl9cA1wZjaF3Vbry2L3i1qVg8+CAgNPsXRArPMUMCaOR7oa9Nqntc43JKA==",
      "inBundle": true,
      "license": "MIT",
      "engines": {
        "node": ">= 20.19.0"
      },
      "funding": {
        "type": "individual",
        "url": "https://paulmillr.com/funding/"
      }
    },
    "node_modules/typescript": {
      "version": "6.0.3",
      "resolved": "https://registry.npmjs.org/typescript/-/typescript-6.0.3.tgz",
      "integrity": "sha512-y2TvuxSZPDyQakkFRPZHKFm+KKVqIisdg9/CZwm9ftvKXLP8NRWj38/ODjNbr43SsoXqNuAisEf1GdCxqWcdBw==",
      "dev": true,
      "license": "Apache-2.0",
      "bin": {
        "tsc": "bin/tsc",
        "tsserver": "bin/tsserver"
      },
      "engines": {
        "node": ">=14.17"
      }
    },
    "node_modules/undici-types": {
      "version": "7.18.2",
      "resolved": "https://registry.npmjs.org/undici-types/-/undici-types-7.18.2.tgz",
      "integrity": "sha512-AsuCzffGHJybSaRrmr5eHr81mwJU3kjw6M+uprWvCXiNeN9SOGwQ3Jn8jb8m3Z6izVgknn1R0FTCEAP2QrLY/w==",
      "dev": true,
      "license": "MIT"
    },
    "node_modules/yaml": {
      "version": "2.9.0",
      "resolved": "https://registry.npmjs.org/yaml/-/yaml-2.9.0.tgz",
      "integrity": "sha512-2AvhNX3mb8zd6Zy7INTtSpl1F15HW6Wnqj0srWlkKLcpYl/gMIMJiyuGq2KeI2YFxUPjdlB+3Lc10seMLtL4cA==",
      "inBundle": true,
      "license": "ISC",
      "bin": {
        "yaml": "bin.mjs"
      },
      "engines": {
        "node": ">= 14.6"
      },
      "funding": {
        "url": "https://github.com/sponsors/eemeli"
      }
    },
    "node_modules/zod": {
      "version": "4.4.3",
      "resolved": "https://registry.npmjs.org/zod/-/zod-4.4.3.tgz",
      "integrity": "sha512-ytENFjIJFl2UwYglde2jchW2Hwm4GJFLDiSXWdTrJQBIN9Fcyp7n4DhxJEiWNAJMV1/BqWfW/kkg71UDcHJyTQ==",
      "inBundle": true,
      "license": "MIT",
      "funding": {
        "url": "https://github.com/sponsors/colinhacks"
      }
    }
  }
}
